
Microsoft Visual Studio Solution File, Format Version 12.00
# Visual Studio 2013
VisualStudioVersion = 12.0.21005.1
MinimumVisualStudioVersion = 10.0.40219.1
Project("{FAE04EC0-301F-11D3-BF4B-00C04F79EFBC}") = "ifizika", "ifizika.csproj", "{3123DA90-0E56-4EA5-8319-80E7D55FC666}"
EndProject
Project("{FAE04EC0-301F-11D3-BF4B-00C04F79EFBC}") = "ifizika.tests", "..\ifizika.tests\ifizika.tests.csproj", "{9C45F5D8-AC2A-40E2-A17C-31BA69CB4D97}"
EndProject
Project("{2150E333-8FDC-42A3-9474-1A3956D46DE8}") = ".nuget", ".nuget", "{17829CD2-45F2-4813-AA01-BC93FD4603E2}"
	ProjectSection(SolutionItems) = preProject
		.nuget\NuGet.Config = .nuget\NuGet.Config
		.nuget\NuGet.exe = .nuget\NuGet.exe
		.nuget\NuGet.targets = .nuget\NuGet.targets
	EndProjectSection
EndProject
Project("{2150E333-8FDC-42A3-9474-1A3956D46DE8}") = "1. Contracts", "1. Contracts", "{46655C07-36BF-42EF-A55F-856B8CF2661F}"
EndProject
Project("{FAE04EC0-301F-11D3-BF4B-00C04F79EFBC}") = "Contracts", "..\Contracts\Contracts.csproj", "{5D6E951B-8BFE-461D-BA17-0FD9AFF2A686}"
EndProject
Project("{2150E333-8FDC-42A3-9474-1A3956D46DE8}") = "2. DataAccess", "2. DataAccess", "{992D1B31-743D-4212-A447-38FD681E62C7}"
EndProject
Project("{FAE04EC0-301F-11D3-BF4B-00C04F79EFBC}") = "DataAccess.Repositories", "DataAccess.Repositories\DataAccess.Repositories.csproj", "{065F1C72-27E1-4F92-B4F3-FBEB8192FF3E}"
EndProject
Project("{2150E333-8FDC-42A3-9474-1A3956D46DE8}") = "3. Business", "3. Business", "{B07F9B36-7125-4A55-97E8-308D37B64896}"
EndProject
Project("{FAE04EC0-301F-11D3-BF4B-00C04F79EFBC}") = "Business.Operations", "Business.Operations\Business.Operations.csproj", "{27C46347-87D5-49C7-9613-A9E481CEDFBD}"
EndProject
Project("{FAE04EC0-301F-11D3-BF4B-00C04F79EFBC}") = "Business.Services", "Business.Services\Business.Services.csproj", "{869C0E27-93F4-4BF8-9FB7-5538F01B771C}"
EndProject
Project("{2150E333-8FDC-42A3-9474-1A3956D46DE8}") = "4. Application", "4. Application", "{91033EA9-AD21-4256-9DC2-62958DC94738}"
EndProject
Project("{2150E333-8FDC-42A3-9474-1A3956D46DE8}") = "5. Test", "5. Test", "{85151900-E715-40EC-907E-CC400D9AC8AE}"
EndProject
Project("{2150E333-8FDC-42A3-9474-1A3956D46DE8}") = "6. WebApi", "6. WebApi", "{1023CD11-9AC4-4234-9D84-8C9644E19F94}"
EndProject
Project("{FAE04EC0-301F-11D3-BF4B-00C04F79EFBC}") = "WebApi", "WebApi\WebApi.csproj", "{8CF5E733-7BE1-4C8C-A731-8F0C830580BF}"
EndProject
Global
	GlobalSection(SolutionConfigurationPlatforms) = preSolution
		Debug|Any CPU = Debug|Any CPU
		Debug|ARM = Debug|ARM
		Debug|x86 = Debug|x86
		Release|Any CPU = Release|Any CPU
		Release|ARM = Release|ARM
		Release|x86 = Release|x86
	EndGlobalSection
	GlobalSection(ProjectConfigurationPlatforms) = postSolution
		{3123DA90-0E56-4EA5-8319-80E7D55FC666}.Debug|Any CPU.ActiveCfg = Debug|Any CPU
		{3123DA90-0E56-4EA5-8319-80E7D55FC666}.Debug|Any CPU.Build.0 = Debug|Any CPU
		{3123DA90-0E56-4EA5-8319-80E7D55FC666}.Debug|Any CPU.Deploy.0 = Debug|Any CPU
		{3123DA90-0E56-4EA5-8319-80E7D55FC666}.Debug|ARM.ActiveCfg = Debug|ARM
		{3123DA90-0E56-4EA5-8319-80E7D55FC666}.Debug|ARM.Build.0 = Debug|ARM
		{3123DA90-0E56-4EA5-8319-80E7D55FC666}.Debug|ARM.Deploy.0 = Debug|ARM
		{3123DA90-0E56-4EA5-8319-80E7D55FC666}.Debug|x86.ActiveCfg = Debug|x86
		{3123DA90-0E56-4EA5-8319-80E7D55FC666}.Debug|x86.Build.0 = Debug|x86
		{3123DA90-0E56-4EA5-8319-80E7D55FC666}.Debug|x86.Deploy.0 = Debug|x86
		{3123DA90-0E56-4EA5-8319-80E7D55FC666}.Release|Any CPU.ActiveCfg = Release|Any CPU
		{3123DA90-0E56-4EA5-8319-80E7D55FC666}.Release|Any CPU.Build.0 = Release|Any CPU
		{3123DA90-0E56-4EA5-8319-80E7D55FC666}.Release|Any CPU.Deploy.0 = Release|Any CPU
		{3123DA90-0E56-4EA5-8319-80E7D55FC666}.Release|ARM.ActiveCfg = Release|ARM
		{3123DA90-0E56-4EA5-8319-80E7D55FC666}.Release|ARM.Build.0 = Release|ARM
		{3123DA90-0E56-4EA5-8319-80E7D55FC666}.Release|ARM.Deploy.0 = Release|ARM
		{3123DA90-0E56-4EA5-8319-80E7D55FC666}.Release|x86.ActiveCfg = Release|x86
		{3123DA90-0E56-4EA5-8319-80E7D55FC666}.Release|x86.Build.0 = Release|x86
		{3123DA90-0E56-4EA5-8319-80E7D55FC666}.Release|x86.Deploy.0 = Release|x86
		{9C45F5D8-AC2A-40E2-A17C-31BA69CB4D97}.Debug|Any CPU.ActiveCfg = Debug|Any CPU
		{9C45F5D8-AC2A-40E2-A17C-31BA69CB4D97}.Debug|Any CPU.Build.0 = Debug|Any CPU
		{9C45F5D8-AC2A-40E2-A17C-31BA69CB4D97}.Debug|ARM.ActiveCfg = Debug|Any CPU
		{9C45F5D8-AC2A-40E2-A17C-31BA69CB4D97}.Debug|x86.ActiveCfg = Debug|Any CPU
		{9C45F5D8-AC2A-40E2-A17C-31BA69CB4D97}.Release|Any CPU.ActiveCfg = Release|Any CPU
		{9C45F5D8-AC2A-40E2-A17C-31BA69CB4D97}.Release|Any CPU.Build.0 = Release|Any CPU
		{9C45F5D8-AC2A-40E2-A17C-31BA69CB4D97}.Release|ARM.ActiveCfg = Release|Any CPU
		{9C45F5D8-AC2A-40E2-A17C-31BA69CB4D97}.Release|x86.ActiveCfg = Release|Any CPU
		{5D6E951B-8BFE-461D-BA17-0FD9AFF2A686}.Debug|Any CPU.ActiveCfg = Debug|Any CPU
		{5D6E951B-8BFE-461D-BA17-0FD9AFF2A686}.Debug|Any CPU.Build.0 = Debug|Any CPU
		{5D6E951B-8BFE-461D-BA17-0FD9AFF2A686}.Debug|ARM.ActiveCfg = Debug|Any CPU
		{5D6E951B-8BFE-461D-BA17-0FD9AFF2A686}.Debug|x86.ActiveCfg = Debug|Any CPU
		{5D6E951B-8BFE-461D-BA17-0FD9AFF2A686}.Release|Any CPU.ActiveCfg = Release|Any CPU
		{5D6E951B-8BFE-461D-BA17-0FD9AFF2A686}.Release|Any CPU.Build.0 = Release|Any CPU
		{5D6E951B-8BFE-461D-BA17-0FD9AFF2A686}.Release|ARM.ActiveCfg = Release|Any CPU
		{5D6E951B-8BFE-461D-BA17-0FD9AFF2A686}.Release|x86.ActiveCfg = Release|Any CPU
		{065F1C72-27E1-4F92-B4F3-FBEB8192FF3E}.Debug|Any CPU.ActiveCfg = Debug|Any CPU
		{065F1C72-27E1-4F92-B4F3-FBEB8192FF3E}.Debug|Any CPU.Build.0 = Debug|Any CPU
		{065F1C72-27E1-4F92-B4F3-FBEB8192FF3E}.Debug|ARM.ActiveCfg = Debug|Any CPU
		{065F1C72-27E1-4F92-B4F3-FBEB8192FF3E}.Debug|x86.ActiveCfg = Debug|Any CPU
		{065F1C72-27E1-4F92-B4F3-FBEB8192FF3E}.Release|Any CPU.ActiveCfg = Release|Any CPU
		{065F1C72-27E1-4F92-B4F3-FBEB8192FF3E}.Release|Any CPU.Build.0 = Release|Any CPU
		{065F1C72-27E1-4F92-B4F3-FBEB8192FF3E}.Release|ARM.ActiveCfg = Release|Any CPU
		{065F1C72-27E1-4F92-B4F3-FBEB8192FF3E}.Release|x86.ActiveCfg = Release|Any CPU
		{27C46347-87D5-49C7-9613-A9E481CEDFBD}.Debug|Any CPU.ActiveCfg = Debug|Any CPU
		{27C46347-87D5-49C7-9613-A9E481CEDFBD}.Debug|Any CPU.Build.0 = Debug|Any CPU
		{27C46347-87D5-49C7-9613-A9E481CEDFBD}.Debug|ARM.ActiveCfg = Debug|Any CPU
		{27C46347-87D5-49C7-9613-A9E481CEDFBD}.Debug|x86.ActiveCfg = Debug|Any CPU
		{27C46347-87D5-49C7-9613-A9E481CEDFBD}.Release|Any CPU.ActiveCfg = Release|Any CPU
		{27C46347-87D5-49C7-9613-A9E481CEDFBD}.Release|Any CPU.Build.0 = Release|Any CPU
		{27C46347-87D5-49C7-9613-A9E481CEDFBD}.Release|ARM.ActiveCfg = Release|Any CPU
		{27C46347-87D5-49C7-9613-A9E481CEDFBD}.Release|x86.ActiveCfg = Release|Any CPU
		{869C0E27-93F4-4BF8-9FB7-5538F01B771C}.Debug|Any CPU.ActiveCfg = Debug|Any CPU
		{869C0E27-93F4-4BF8-9FB7-5538F01B771C}.Debug|Any CPU.Build.0 = Debug|Any CPU
		{869C0E27-93F4-4BF8-9FB7-5538F01B771C}.Debug|ARM.ActiveCfg = Debug|Any CPU
		{869C0E27-93F4-4BF8-9FB7-5538F01B771C}.Debug|x86.ActiveCfg = Debug|Any CPU
		{869C0E27-93F4-4BF8-9FB7-5538F01B771C}.Release|Any CPU.ActiveCfg = Release|Any CPU
		{869C0E27-93F4-4BF8-9FB7-5538F01B771C}.Release|Any CPU.Build.0 = Release|Any CPU
		{869C0E27-93F4-4BF8-9FB7-5538F01B771C}.Release|ARM.ActiveCfg = Release|Any CPU
		{869C0E27-93F4-4BF8-9FB7-5538F01B771C}.Release|x86.ActiveCfg = Release|Any CPU
		{8CF5E733-7BE1-4C8C-A731-8F0C830580BF}.Debug|Any CPU.ActiveCfg = Debug|Any CPU
		{8CF5E733-7BE1-4C8C-A731-8F0C830580BF}.Debug|Any CPU.Build.0 = Debug|Any CPU
		{8CF5E733-7BE1-4C8C-A731-8F0C830580BF}.Debug|ARM.ActiveCfg = Debug|Any CPU
		{8CF5E733-7BE1-4C8C-A731-8F0C830580BF}.Debug|x86.ActiveCfg = Debug|Any CPU
		{8CF5E733-7BE1-4C8C-A731-8F0C830580BF}.Release|Any CPU.ActiveCfg = Release|Any CPU
		{8CF5E733-7BE1-4C8C-A731-8F0C830580BF}.Release|Any CPU.Build.0 = Release|Any CPU
		{8CF5E733-7BE1-4C8C-A731-8F0C830580BF}.Release|ARM.ActiveCfg = Release|Any CPU
		{8CF5E733-7BE1-4C8C-A731-8F0C830580BF}.Release|x86.ActiveCfg = Release|Any CPU
	EndGlobalSection
	GlobalSection(SolutionProperties) = preSolution
		HideSolutionNode = FALSE
	EndGlobalSection
	GlobalSection(NestedProjects) = preSolution
		{5D6E951B-8BFE-461D-BA17-0FD9AFF2A686} = {46655C07-36BF-42EF-A55F-856B8CF2661F}
		{065F1C72-27E1-4F92-B4F3-FBEB8192FF3E} = {992D1B31-743D-4212-A447-38FD681E62C7}
		{27C46347-87D5-49C7-9613-A9E481CEDFBD} = {B07F9B36-7125-4A55-97E8-308D37B64896}
		{869C0E27-93F4-4BF8-9FB7-5538F01B771C} = {B07F9B36-7125-4A55-97E8-308D37B64896}
		{3123DA90-0E56-4EA5-8319-80E7D55FC666} = {91033EA9-AD21-4256-9DC2-62958DC94738}
		{9C45F5D8-AC2A-40E2-A17C-31BA69CB4D97} = {85151900-E715-40EC-907E-CC400D9AC8AE}
		{8CF5E733-7BE1-4C8C-A731-8F0C830580BF} = {1023CD11-9AC4-4234-9D84-8C9644E19F94}
	EndGlobalSection
EndGlobal
